// !$*UTF8*$!
{
	archiveVersion = 1;
	classes = {
	};
	objectVersion = 56;
	objects = {

/* Begin PBXBuildFile section */
		6079D39A50D93EB7706A8A1C /* Pods_Networking.framework in Frameworks */ = {isa = PBXBuildFile; fileRef = F937F4493D34840D680BB234 /* Pods_Networking.framework */; };
		753E5E0C2992858B00FA5E7C /* AppDelegate.swift in Sources */ = {isa = PBXBuildFile; fileRef = 753E5E0B2992858B00FA5E7C /* AppDelegate.swift */; };
		753E5E0E2992858B00FA5E7C /* SceneDelegate.swift in Sources */ = {isa = PBXBuildFile; fileRef = 753E5E0D2992858B00FA5E7C /* SceneDelegate.swift */; };
		753E5E102992858B00FA5E7C /* MainCollectionViewController.swift in Sources */ = {isa = PBXBuildFile; fileRef = 753E5E0F2992858B00FA5E7C /* MainCollectionViewController.swift */; };
		753E5E152992858C00FA5E7C /* Assets.xcassets in Resources */ = {isa = PBXBuildFile; fileRef = 753E5E142992858C00FA5E7C /* Assets.xcassets */; };
		753E5E182992858C00FA5E7C /* LaunchScreen.storyboard in Resources */ = {isa = PBXBuildFile; fileRef = 753E5E162992858C00FA5E7C /* LaunchScreen.storyboard */; };
		7581BD052A0012DF0050BF74 /* CourseDetailsViewController.swift in Sources */ = {isa = PBXBuildFile; fileRef = 7581BD042A0012DF0050BF74 /* CourseDetailsViewController.swift */; };
		758A118C29FEBEB200DA3D47 /* SwiftUIView.swift in Sources */ = {isa = PBXBuildFile; fileRef = 758A118B29FEBEB200DA3D47 /* SwiftUIView.swift */; };
		75A1737C299BB5A300E86796 /* WeatherViewController.swift in Sources */ = {isa = PBXBuildFile; fileRef = 75A1737B299BB5A300E86796 /* WeatherViewController.swift */; };
		75A1737E299BC15600E86796 /* Sympson.swift in Sources */ = {isa = PBXBuildFile; fileRef = 75A1737D299BC15600E86796 /* Sympson.swift */; };
		75A17380299BC36E00E86796 /* SympsonsViewController.swift in Sources */ = {isa = PBXBuildFile; fileRef = 75A1737F299BC36E00E86796 /* SympsonsViewController.swift */; };
		75A17382299BC3D000E86796 /* SympsonsCell.swift in Sources */ = {isa = PBXBuildFile; fileRef = 75A17381299BC3D000E86796 /* SympsonsCell.swift */; };
		75B61EE42A4B587D0060526B /* CoursesViewModel.swift in Sources */ = {isa = PBXBuildFile; fileRef = 75B61EE32A4B587D0060526B /* CoursesViewModel.swift */; };
		75B61EE62A4B64840060526B /* NetworkManager.swift in Sources */ = {isa = PBXBuildFile; fileRef = 75B61EE52A4B64840060526B /* NetworkManager.swift */; };
		75B61EE82A4C54490060526B /* CourseDetailsViewModel.swift in Sources */ = {isa = PBXBuildFile; fileRef = 75B61EE72A4C54490060526B /* CourseDetailsViewModel.swift */; };
		75B61EEA2A4C58880060526B /* DataManager.swift in Sources */ = {isa = PBXBuildFile; fileRef = 75B61EE92A4C58880060526B /* DataManager.swift */; };
		75B61EEC2A4C5B520060526B /* ImageManager.swift in Sources */ = {isa = PBXBuildFile; fileRef = 75B61EEB2A4C5B520060526B /* ImageManager.swift */; };
		75B61EF32A4C648B0060526B /* CourseCellViewModel.swift in Sources */ = {isa = PBXBuildFile; fileRef = 75B61EF22A4C648B0060526B /* CourseCellViewModel.swift */; };
		75C5706E2998148300639F2C /* Course.swift in Sources */ = {isa = PBXBuildFile; fileRef = 75C5706D2998148300639F2C /* Course.swift */; };
		75E40FC9299FABA0003EADAF /* NetworkWeatherManager.swift in Sources */ = {isa = PBXBuildFile; fileRef = 75E40FC8299FABA0003EADAF /* NetworkWeatherManager.swift */; };
		75E40FCB299FAD6B003EADAF /* Constants.swift in Sources */ = {isa = PBXBuildFile; fileRef = 75E40FCA299FAD6B003EADAF /* Constants.swift */; };
		75E40FCD299FB728003EADAF /* CurrentWeatherData.swift in Sources */ = {isa = PBXBuildFile; fileRef = 75E40FCC299FB728003EADAF /* CurrentWeatherData.swift */; };
		75E40FCF299FFB3A003EADAF /* CurrentWeather.swift in Sources */ = {isa = PBXBuildFile; fileRef = 75E40FCE299FFB3A003EADAF /* CurrentWeather.swift */; };
		75E44BB92992CE0800A9F344 /* UserActionCell.swift in Sources */ = {isa = PBXBuildFile; fileRef = 75E44BB82992CE0800A9F344 /* UserActionCell.swift */; };
		75F729262996A634000448D1 /* ImageViewController.swift in Sources */ = {isa = PBXBuildFile; fileRef = 75F729252996A634000448D1 /* ImageViewController.swift */; };
		75F729282996AA7F000448D1 /* CoursesViewController.swift in Sources */ = {isa = PBXBuildFile; fileRef = 75F729272996AA7F000448D1 /* CoursesViewController.swift */; };
		75F7292A2996AADF000448D1 /* CourseCellView.swift in Sources */ = {isa = PBXBuildFile; fileRef = 75F729292996AADF000448D1 /* CourseCellView.swift */; };
/* End PBXBuildFile section */

/* Begin PBXFileReference section */
		2DEFAF9F9A9E1F70371BD82C /* Pods-Networking.debug.xcconfig */ = {isa = PBXFileReference; includeInIndex = 1; lastKnownFileType = text.xcconfig; name = "Pods-Networking.debug.xcconfig"; path = "Target Support Files/Pods-Networking/Pods-Networking.debug.xcconfig"; sourceTree = "<group>"; };
		5A8D73DAA910C8F31E3D8267 /* Pods-Networking.release.xcconfig */ = {isa = PBXFileReference; includeInIndex = 1; lastKnownFileType = text.xcconfig; name = "Pods-Networking.release.xcconfig"; path = "Target Support Files/Pods-Networking/Pods-Networking.release.xcconfig"; sourceTree = "<group>"; };
		753E5E082992858B00FA5E7C /* Networking.app */ = {isa = PBXFileReference; explicitFileType = wrapper.application; includeInIndex = 0; path = Networking.app; sourceTree = BUILT_PRODUCTS_DIR; };
		753E5E0B2992858B00FA5E7C /* AppDelegate.swift */ = {isa = PBXFileReference; lastKnownFileType = sourcecode.swift; path = AppDelegate.swift; sourceTree = "<group>"; };
		753E5E0D2992858B00FA5E7C /* SceneDelegate.swift */ = {isa = PBXFileReference; lastKnownFileType = sourcecode.swift; path = SceneDelegate.swift; sourceTree = "<group>"; };
		753E5E0F2992858B00FA5E7C /* MainCollectionViewController.swift */ = {isa = PBXFileReference; lastKnownFileType = sourcecode.swift; path = MainCollectionViewController.swift; sourceTree = "<group>"; };
		753E5E142992858C00FA5E7C /* Assets.xcassets */ = {isa = PBXFileReference; lastKnownFileType = folder.assetcatalog; path = Assets.xcassets; sourceTree = "<group>"; };
		753E5E172992858C00FA5E7C /* Base */ = {isa = PBXFileReference; lastKnownFileType = file.storyboard; name = Base; path = Base.lproj/LaunchScreen.storyboard; sourceTree = "<group>"; };
		753E5E192992858C00FA5E7C /* Info.plist */ = {isa = PBXFileReference; lastKnownFileType = text.plist.xml; path = Info.plist; sourceTree = "<group>"; };
		7581BD042A0012DF0050BF74 /* CourseDetailsViewController.swift */ = {isa = PBXFileReference; fileEncoding = 4; lastKnownFileType = sourcecode.swift; path = CourseDetailsViewController.swift; sourceTree = "<group>"; };
		758A118B29FEBEB200DA3D47 /* SwiftUIView.swift */ = {isa = PBXFileReference; lastKnownFileType = sourcecode.swift; path = SwiftUIView.swift; sourceTree = "<group>"; };
		75A1737B299BB5A300E86796 /* WeatherViewController.swift */ = {isa = PBXFileReference; lastKnownFileType = sourcecode.swift; path = WeatherViewController.swift; sourceTree = "<group>"; };
		75A1737D299BC15600E86796 /* Sympson.swift */ = {isa = PBXFileReference; lastKnownFileType = sourcecode.swift; path = Sympson.swift; sourceTree = "<group>"; };
		75A1737F299BC36E00E86796 /* SympsonsViewController.swift */ = {isa = PBXFileReference; lastKnownFileType = sourcecode.swift; path = SympsonsViewController.swift; sourceTree = "<group>"; };
		75A17381299BC3D000E86796 /* SympsonsCell.swift */ = {isa = PBXFileReference; lastKnownFileType = sourcecode.swift; path = SympsonsCell.swift; sourceTree = "<group>"; };
		75B61EE32A4B587D0060526B /* CoursesViewModel.swift */ = {isa = PBXFileReference; lastKnownFileType = sourcecode.swift; path = CoursesViewModel.swift; sourceTree = "<group>"; };
		75B61EE52A4B64840060526B /* NetworkManager.swift */ = {isa = PBXFileReference; lastKnownFileType = sourcecode.swift; path = NetworkManager.swift; sourceTree = "<group>"; };
		75B61EE72A4C54490060526B /* CourseDetailsViewModel.swift */ = {isa = PBXFileReference; lastKnownFileType = sourcecode.swift; path = CourseDetailsViewModel.swift; sourceTree = "<group>"; };
		75B61EE92A4C58880060526B /* DataManager.swift */ = {isa = PBXFileReference; lastKnownFileType = sourcecode.swift; path = DataManager.swift; sourceTree = "<group>"; };
		75B61EEB2A4C5B520060526B /* ImageManager.swift */ = {isa = PBXFileReference; lastKnownFileType = sourcecode.swift; path = ImageManager.swift; sourceTree = "<group>"; };
		75B61EF22A4C648B0060526B /* CourseCellViewModel.swift */ = {isa = PBXFileReference; lastKnownFileType = sourcecode.swift; path = CourseCellViewModel.swift; sourceTree = "<group>"; };
		75C5706D2998148300639F2C /* Course.swift */ = {isa = PBXFileReference; lastKnownFileType = sourcecode.swift; path = Course.swift; sourceTree = "<group>"; };
		75E40FC8299FABA0003EADAF /* NetworkWeatherManager.swift */ = {isa = PBXFileReference; lastKnownFileType = sourcecode.swift; path = NetworkWeatherManager.swift; sourceTree = "<group>"; };
		75E40FCA299FAD6B003EADAF /* Constants.swift */ = {isa = PBXFileReference; lastKnownFileType = sourcecode.swift; path = Constants.swift; sourceTree = "<group>"; };
		75E40FCC299FB728003EADAF /* CurrentWeatherData.swift */ = {isa = PBXFileReference; lastKnownFileType = sourcecode.swift; path = CurrentWeatherData.swift; sourceTree = "<group>"; };
		75E40FCE299FFB3A003EADAF /* CurrentWeather.swift */ = {isa = PBXFileReference; lastKnownFileType = sourcecode.swift; path = CurrentWeather.swift; sourceTree = "<group>"; };
		75E44BB82992CE0800A9F344 /* UserActionCell.swift */ = {isa = PBXFileReference; lastKnownFileType = sourcecode.swift; path = UserActionCell.swift; sourceTree = "<group>"; };
		75F729252996A634000448D1 /* ImageViewController.swift */ = {isa = PBXFileReference; lastKnownFileType = sourcecode.swift; path = ImageViewController.swift; sourceTree = "<group>"; };
		75F729272996AA7F000448D1 /* CoursesViewController.swift */ = {isa = PBXFileReference; lastKnownFileType = sourcecode.swift; path = CoursesViewController.swift; sourceTree = "<group>"; };
		75F729292996AADF000448D1 /* CourseCellView.swift */ = {isa = PBXFileReference; lastKnownFileType = sourcecode.swift; path = CourseCellView.swift; sourceTree = "<group>"; };
		F937F4493D34840D680BB234 /* Pods_Networking.framework */ = {isa = PBXFileReference; explicitFileType = wrapper.framework; includeInIndex = 0; path = Pods_Networking.framework; sourceTree = BUILT_PRODUCTS_DIR; };
/* End PBXFileReference section */

/* Begin PBXFrameworksBuildPhase section */
		753E5E052992858B00FA5E7C /* Frameworks */ = {
			isa = PBXFrameworksBuildPhase;
			buildActionMask = 2147483647;
			files = (
				6079D39A50D93EB7706A8A1C /* Pods_Networking.framework in Frameworks */,
			);
			runOnlyForDeploymentPostprocessing = 0;
		};
/* End PBXFrameworksBuildPhase section */

/* Begin PBXGroup section */
		753E5DFF2992858B00FA5E7C = {
			isa = PBXGroup;
			children = (
				753E5E0A2992858B00FA5E7C /* Networking */,
				753E5E092992858B00FA5E7C /* Products */,
				E7A0560D74685F73B5D8E363 /* Pods */,
				9E2E017B9B40FE40C178671B /* Frameworks */,
			);
			sourceTree = "<group>";
		};
		753E5E092992858B00FA5E7C /* Products */ = {
			isa = PBXGroup;
			children = (
				753E5E082992858B00FA5E7C /* Networking.app */,
			);
			name = Products;
			sourceTree = "<group>";
		};
		753E5E0A2992858B00FA5E7C /* Networking */ = {
			isa = PBXGroup;
			children = (
				753E5E0F2992858B00FA5E7C /* MainCollectionViewController.swift */,
				75F729252996A634000448D1 /* ImageViewController.swift */,
				75B61EF02A4C63CC0060526B /* CoursesTable */,
				75E44BB82992CE0800A9F344 /* UserActionCell.swift */,
				75B61EEE2A4C634E0060526B /* CourseDetails */,
				758A118B29FEBEB200DA3D47 /* SwiftUIView.swift */,
				75B61EEF2A4C638C0060526B /* Models */,
				75B61EED2A4C622C0060526B /* Services */,
				75B61EF62A4C682A0060526B /* StoryBoard */,
				75B61EF52A4C66D30060526B /* Supporting Files */,
				75ABE1B529AE1AB50048F68C /* Sympsons */,
				75ABE1B429AE1A990048F68C /* Weather */,
				75B61EF42A4C66730060526B /* Resources */,
			);
			path = Networking;
			sourceTree = "<group>";
		};
		75ABE1B429AE1A990048F68C /* Weather */ = {
			isa = PBXGroup;
			children = (
				75A1737B299BB5A300E86796 /* WeatherViewController.swift */,
				75E40FC8299FABA0003EADAF /* NetworkWeatherManager.swift */,
				75E40FCC299FB728003EADAF /* CurrentWeatherData.swift */,
				75E40FCE299FFB3A003EADAF /* CurrentWeather.swift */,
				75E40FCA299FAD6B003EADAF /* Constants.swift */,
			);
			path = Weather;
			sourceTree = "<group>";
		};
		75ABE1B529AE1AB50048F68C /* Sympsons */ = {
			isa = PBXGroup;
			children = (
				75A1737F299BC36E00E86796 /* SympsonsViewController.swift */,
				75A17381299BC3D000E86796 /* SympsonsCell.swift */,
				75A1737D299BC15600E86796 /* Sympson.swift */,
			);
			path = Sympsons;
			sourceTree = "<group>";
		};
		75B61EED2A4C622C0060526B /* Services */ = {
			isa = PBXGroup;
			children = (
				75B61EE52A4B64840060526B /* NetworkManager.swift */,
				75B61EE92A4C58880060526B /* DataManager.swift */,
				75B61EEB2A4C5B520060526B /* ImageManager.swift */,
			);
			path = Services;
			sourceTree = "<group>";
		};
		75B61EEE2A4C634E0060526B /* CourseDetails */ = {
			isa = PBXGroup;
			children = (
				7581BD042A0012DF0050BF74 /* CourseDetailsViewController.swift */,
				75B61EE72A4C54490060526B /* CourseDetailsViewModel.swift */,
			);
			path = CourseDetails;
			sourceTree = "<group>";
		};
		75B61EEF2A4C638C0060526B /* Models */ = {
			isa = PBXGroup;
			children = (
				75C5706D2998148300639F2C /* Course.swift */,
			);
			path = Models;
			sourceTree = "<group>";
		};
		75B61EF02A4C63CC0060526B /* CoursesTable */ = {
			isa = PBXGroup;
			children = (
				75F729272996AA7F000448D1 /* CoursesViewController.swift */,
				75B61EE32A4B587D0060526B /* CoursesViewModel.swift */,
				75B61EF12A4C64390060526B /* CourseTableViewCell */,
			);
			path = CoursesTable;
			sourceTree = "<group>";
		};
		75B61EF12A4C64390060526B /* CourseTableViewCell */ = {
			isa = PBXGroup;
			children = (
				75F729292996AADF000448D1 /* CourseCellView.swift */,
				75B61EF22A4C648B0060526B /* CourseCellViewModel.swift */,
			);
			path = CourseTableViewCell;
			sourceTree = "<group>";
		};
		75B61EF42A4C66730060526B /* Resources */ = {
			isa = PBXGroup;
			children = (
				753E5E142992858C00FA5E7C /* Assets.xcassets */,
			);
			path = Resources;
			sourceTree = "<group>";
		};
		75B61EF52A4C66D30060526B /* Supporting Files */ = {
			isa = PBXGroup;
			children = (
				753E5E0B2992858B00FA5E7C /* AppDelegate.swift */,
				753E5E0D2992858B00FA5E7C /* SceneDelegate.swift */,
				753E5E192992858C00FA5E7C /* Info.plist */,
			);
			path = "Supporting Files";
			sourceTree = "<group>";
		};
		75B61EF62A4C682A0060526B /* StoryBoard */ = {
			isa = PBXGroup;
			children = (
				753E5E162992858C00FA5E7C /* LaunchScreen.storyboard */,
			);
			path = StoryBoard;
			sourceTree = "<group>";
		};
		9E2E017B9B40FE40C178671B /* Frameworks */ = {
			isa = PBXGroup;
			children = (
				F937F4493D34840D680BB234 /* Pods_Networking.framework */,
			);
			name = Frameworks;
			sourceTree = "<group>";
		};
		E7A0560D74685F73B5D8E363 /* Pods */ = {
			isa = PBXGroup;
			children = (
				2DEFAF9F9A9E1F70371BD82C /* Pods-Networking.debug.xcconfig */,
				5A8D73DAA910C8F31E3D8267 /* Pods-Networking.release.xcconfig */,
			);
			path = Pods;
			sourceTree = "<group>";
		};
/* End PBXGroup section */

/* Begin PBXNativeTarget section */
		753E5E072992858B00FA5E7C /* Networking */ = {
			isa = PBXNativeTarget;
			buildConfigurationList = 753E5E1C2992858C00FA5E7C /* Build configuration list for PBXNativeTarget "Networking" */;
			buildPhases = (
				CB6C9AC1D1C48AD0639E59BB /* [CP] Check Pods Manifest.lock */,
				753E5E042992858B00FA5E7C /* Sources */,
				753E5E052992858B00FA5E7C /* Frameworks */,
				753E5E062992858B00FA5E7C /* Resources */,
				1F394ABCE605C8F71F8F5640 /* [CP] Embed Pods Frameworks */,
			);
			buildRules = (
			);
			dependencies = (
			);
			name = Networking;
			productName = Networking;
			productReference = 753E5E082992858B00FA5E7C /* Networking.app */;
			productType = "com.apple.product-type.application";
		};
/* End PBXNativeTarget section */

/* Begin PBXProject section */
		753E5E002992858B00FA5E7C /* Project object */ = {
			isa = PBXProject;
			attributes = {
				BuildIndependentTargetsInParallel = 1;
				LastSwiftUpdateCheck = 1410;
				LastUpgradeCheck = 1410;
				TargetAttributes = {
					753E5E072992858B00FA5E7C = {
						CreatedOnToolsVersion = 14.1;
					};
				};
			};
			buildConfigurationList = 753E5E032992858B00FA5E7C /* Build configuration list for PBXProject "Networking" */;
			compatibilityVersion = "Xcode 14.0";
			developmentRegion = en;
			hasScannedForEncodings = 0;
			knownRegions = (
				en,
				Base,
			);
			mainGroup = 753E5DFF2992858B00FA5E7C;
			productRefGroup = 753E5E092992858B00FA5E7C /* Products */;
			projectDirPath = "";
			projectRoot = "";
			targets = (
				753E5E072992858B00FA5E7C /* Networking */,
			);
		};
/* End PBXProject section */

/* Begin PBXResourcesBuildPhase section */
		753E5E062992858B00FA5E7C /* Resources */ = {
			isa = PBXResourcesBuildPhase;
			buildActionMask = 2147483647;
			files = (
				753E5E182992858C00FA5E7C /* LaunchScreen.storyboard in Resources */,
				753E5E152992858C00FA5E7C /* Assets.xcassets in Resources */,
			);
			runOnlyForDeploymentPostprocessing = 0;
		};
/* End PBXResourcesBuildPhase section */

/* Begin PBXShellScriptBuildPhase section */
		1F394ABCE605C8F71F8F5640 /* [CP] Embed Pods Frameworks */ = {
			isa = PBXShellScriptBuildPhase;
			buildActionMask = 2147483647;
			files = (
			);
			inputFileListPaths = (
				"${PODS_ROOT}/Target Support Files/Pods-Networking/Pods-Networking-frameworks-${CONFIGURATION}-input-files.xcfilelist",
			);
			name = "[CP] Embed Pods Frameworks";
			outputFileListPaths = (
				"${PODS_ROOT}/Target Support Files/Pods-Networking/Pods-Networking-frameworks-${CONFIGURATION}-output-files.xcfilelist",
			);
			runOnlyForDeploymentPostprocessing = 0;
			shellPath = /bin/sh;
			shellScript = "\"${PODS_ROOT}/Target Support Files/Pods-Networking/Pods-Networking-frameworks.sh\"\n";
			showEnvVarsInLog = 0;
		};
		CB6C9AC1D1C48AD0639E59BB /* [CP] Check Pods Manifest.lock */ = {
			isa = PBXShellScriptBuildPhase;
			buildActionMask = 2147483647;
			files = (
			);
			inputFileListPaths = (
			);
			inputPaths = (
				"${PODS_PODFILE_DIR_PATH}/Podfile.lock",
				"${PODS_ROOT}/Manifest.lock",
			);
			name = "[CP] Check Pods Manifest.lock";
			outputFileListPaths = (
			);
			outputPaths = (
				"$(DERIVED_FILE_DIR)/Pods-Networking-checkManifestLockResult.txt",
			);
			runOnlyForDeploymentPostprocessing = 0;
			shellPath = /bin/sh;
			shellScript = "diff \"${PODS_PODFILE_DIR_PATH}/Podfile.lock\" \"${PODS_ROOT}/Manifest.lock\" > /dev/null\nif [ $? != 0 ] ; then\n    # print error to STDERR\n    echo \"error: The sandbox is not in sync with the Podfile.lock. Run 'pod install' or update your CocoaPods installation.\" >&2\n    exit 1\nfi\n# This output is used by Xcode 'outputs' to avoid re-running this script phase.\necho \"SUCCESS\" > \"${SCRIPT_OUTPUT_FILE_0}\"\n";
			showEnvVarsInLog = 0;
		};
/* End PBXShellScriptBuildPhase section */

/* Begin PBXSourcesBuildPhase section */
		753E5E042992858B00FA5E7C /* Sources */ = {
			isa = PBXSourcesBuildPhase;
			buildActionMask = 2147483647;
			files = (
				75C5706E2998148300639F2C /* Course.swift in Sources */,
				75A1737C299BB5A300E86796 /* WeatherViewController.swift in Sources */,
				758A118C29FEBEB200DA3D47 /* SwiftUIView.swift in Sources */,
				75E40FCF299FFB3A003EADAF /* CurrentWeather.swift in Sources */,
				75E40FCD299FB728003EADAF /* CurrentWeatherData.swift in Sources */,
				75F729282996AA7F000448D1 /* CoursesViewController.swift in Sources */,
				75E44BB92992CE0800A9F344 /* UserActionCell.swift in Sources */,
				75A17380299BC36E00E86796 /* SympsonsViewController.swift in Sources */,
				75B61EEC2A4C5B520060526B /* ImageManager.swift in Sources */,
				753E5E102992858B00FA5E7C /* MainCollectionViewController.swift in Sources */,
				75E40FC9299FABA0003EADAF /* NetworkWeatherManager.swift in Sources */,
				75B61EE42A4B587D0060526B /* CoursesViewModel.swift in Sources */,
				75F7292A2996AADF000448D1 /* CourseCellView.swift in Sources */,
				75B61EE62A4B64840060526B /* NetworkManager.swift in Sources */,
				753E5E0C2992858B00FA5E7C /* AppDelegate.swift in Sources */,
				75A1737E299BC15600E86796 /* Sympson.swift in Sources */,
				75A17382299BC3D000E86796 /* SympsonsCell.swift in Sources */,
				75B61EF32A4C648B0060526B /* CourseCellViewModel.swift in Sources */,
				7581BD052A0012DF0050BF74 /* CourseDetailsViewController.swift in Sources */,
				75B61EE82A4C54490060526B /* CourseDetailsViewModel.swift in Sources */,
				75E40FCB299FAD6B003EADAF /* Constants.swift in Sources */,
				75B61EEA2A4C58880060526B /* DataManager.swift in Sources */,
				75F729262996A634000448D1 /* ImageViewController.swift in Sources */,
				753E5E0E2992858B00FA5E7C /* SceneDelegate.swift in Sources */,
			);
			runOnlyForDeploymentPostprocessing = 0;
		};
/* End PBXSourcesBuildPhase section */

/* Begin PBXVariantGroup section */
		753E5E162992858C00FA5E7C /* LaunchScreen.storyboard */ = {
			isa = PBXVariantGroup;
			children = (
				753E5E172992858C00FA5E7C /* Base */,
			);
			name = LaunchScreen.storyboard;
			sourceTree = "<group>";
		};
/* End PBXVariantGroup section */

/* Begin XCBuildConfiguration section */
		753E5E1A2992858C00FA5E7C /* Debug */ = {
			isa = XCBuildConfiguration;
			buildSettings = {
				ALWAYS_SEARCH_USER_PATHS = NO;
				CLANG_ANALYZER_NONNULL = YES;
				CLANG_ANALYZER_NUMBER_OBJECT_CONVERSION = YES_AGGRESSIVE;
				CLANG_CXX_LANGUAGE_STANDARD = "gnu++20";
				CLANG_ENABLE_MODULES = YES;
				CLANG_ENABLE_OBJC_ARC = YES;
				CLANG_ENABLE_OBJC_WEAK = YES;
				CLANG_WARN_BLOCK_CAPTURE_AUTORELEASING = YES;
				CLANG_WARN_BOOL_CONVERSION = YES;
				CLANG_WARN_COMMA = YES;
				CLANG_WARN_CONSTANT_CONVERSION = YES;
				CLANG_WARN_DEPRECATED_OBJC_IMPLEMENTATIONS = YES;
				CLANG_WARN_DIRECT_OBJC_ISA_USAGE = YES_ERROR;
				CLANG_WARN_DOCUMENTATION_COMMENTS = YES;
				CLANG_WARN_EMPTY_BODY = YES;
				CLANG_WARN_ENUM_CONVERSION = YES;
				CLANG_WARN_INFINITE_RECURSION = YES;
				CLANG_WARN_INT_CONVERSION = YES;
				CLANG_WARN_NON_LITERAL_NULL_CONVERSION = YES;
				CLANG_WARN_OBJC_IMPLICIT_RETAIN_SELF = YES;
				CLANG_WARN_OBJC_LITERAL_CONVERSION = YES;
				CLANG_WARN_OBJC_ROOT_CLASS = YES_ERROR;
				CLANG_WARN_QUOTED_INCLUDE_IN_FRAMEWORK_HEADER = YES;
				CLANG_WARN_RANGE_LOOP_ANALYSIS = YES;
				CLANG_WARN_STRICT_PROTOTYPES = YES;
				CLANG_WARN_SUSPICIOUS_MOVE = YES;
				CLANG_WARN_UNGUARDED_AVAILABILITY = YES_AGGRESSIVE;
				CLANG_WARN_UNREACHABLE_CODE = YES;
				CLANG_WARN__DUPLICATE_METHOD_MATCH = YES;
				COPY_PHASE_STRIP = NO;
				DEBUG_INFORMATION_FORMAT = dwarf;
				ENABLE_STRICT_OBJC_MSGSEND = YES;
				ENABLE_TESTABILITY = YES;
				GCC_C_LANGUAGE_STANDARD = gnu11;
				GCC_DYNAMIC_NO_PIC = NO;
				GCC_NO_COMMON_BLOCKS = YES;
				GCC_OPTIMIZATION_LEVEL = 0;
				GCC_PREPROCESSOR_DEFINITIONS = (
					"DEBUG=1",
					"$(inherited)",
				);
				GCC_WARN_64_TO_32_BIT_CONVERSION = YES;
				GCC_WARN_ABOUT_RETURN_TYPE = YES_ERROR;
				GCC_WARN_UNDECLARED_SELECTOR = YES;
				GCC_WARN_UNINITIALIZED_AUTOS = YES_AGGRESSIVE;
				GCC_WARN_UNUSED_FUNCTION = YES;
				GCC_WARN_UNUSED_VARIABLE = YES;
				IPHONEOS_DEPLOYMENT_TARGET = 16.1;
				MTL_ENABLE_DEBUG_INFO = INCLUDE_SOURCE;
				MTL_FAST_MATH = YES;
				ONLY_ACTIVE_ARCH = YES;
				SDKROOT = iphoneos;
				SWIFT_ACTIVE_COMPILATION_CONDITIONS = DEBUG;
				SWIFT_OPTIMIZATION_LEVEL = "-Onone";
			};
			name = Debug;
		};
		753E5E1B2992858C00FA5E7C /* Release */ = {
			isa = XCBuildConfiguration;
			buildSettings = {
				ALWAYS_SEARCH_USER_PATHS = NO;
				CLANG_ANALYZER_NONNULL = YES;
				CLANG_ANALYZER_NUMBER_OBJECT_CONVERSION = YES_AGGRESSIVE;
				CLANG_CXX_LANGUAGE_STANDARD = "gnu++20";
				CLANG_ENABLE_MODULES = YES;
				CLANG_ENABLE_OBJC_ARC = YES;
				CLANG_ENABLE_OBJC_WEAK = YES;
				CLANG_WARN_BLOCK_CAPTURE_AUTORELEASING = YES;
				CLANG_WARN_BOOL_CONVERSION = YES;
				CLANG_WARN_COMMA = YES;
				CLANG_WARN_CONSTANT_CONVERSION = YES;
				CLANG_WARN_DEPRECATED_OBJC_IMPLEMENTATIONS = YES;
				CLANG_WARN_DIRECT_OBJC_ISA_USAGE = YES_ERROR;
				CLANG_WARN_DOCUMENTATION_COMMENTS = YES;
				CLANG_WARN_EMPTY_BODY = YES;
				CLANG_WARN_ENUM_CONVERSION = YES;
				CLANG_WARN_INFINITE_RECURSION = YES;
				CLANG_WARN_INT_CONVERSION = YES;
				CLANG_WARN_NON_LITERAL_NULL_CONVERSION = YES;
				CLANG_WARN_OBJC_IMPLICIT_RETAIN_SELF = YES;
				CLANG_WARN_OBJC_LITERAL_CONVERSION = YES;
				CLANG_WARN_OBJC_ROOT_CLASS = YES_ERROR;
				CLANG_WARN_QUOTED_INCLUDE_IN_FRAMEWORK_HEADER = YES;
				CLANG_WARN_RANGE_LOOP_ANALYSIS = YES;
				CLANG_WARN_STRICT_PROTOTYPES = YES;
				CLANG_WARN_SUSPICIOUS_MOVE = YES;
				CLANG_WARN_UNGUARDED_AVAILABILITY = YES_AGGRESSIVE;
				CLANG_WARN_UNREACHABLE_CODE = YES;
				CLANG_WARN__DUPLICATE_METHOD_MATCH = YES;
				COPY_PHASE_STRIP = NO;
				DEBUG_INFORMATION_FORMAT = "dwarf-with-dsym";
				ENABLE_NS_ASSERTIONS = NO;
				ENABLE_STRICT_OBJC_MSGSEND = YES;
				GCC_C_LANGUAGE_STANDARD = gnu11;
				GCC_NO_COMMON_BLOCKS = YES;
				GCC_WARN_64_TO_32_BIT_CONVERSION = YES;
				GCC_WARN_ABOUT_RETURN_TYPE = YES_ERROR;
				GCC_WARN_UNDECLARED_SELECTOR = YES;
				GCC_WARN_UNINITIALIZED_AUTOS = YES_AGGRESSIVE;
				GCC_WARN_UNUSED_FUNCTION = YES;
				GCC_WARN_UNUSED_VARIABLE = YES;
				IPHONEOS_DEPLOYMENT_TARGET = 16.1;
				MTL_ENABLE_DEBUG_INFO = NO;
				MTL_FAST_MATH = YES;
				SDKROOT = iphoneos;
				SWIFT_COMPILATION_MODE = wholemodule;
				SWIFT_OPTIMIZATION_LEVEL = "-O";
				VALIDATE_PRODUCT = YES;
			};
			name = Release;
		};
		753E5E1D2992858C00FA5E7C /* Debug */ = {
			isa = XCBuildConfiguration;
			baseConfigurationReference = 2DEFAF9F9A9E1F70371BD82C /* Pods-Networking.debug.xcconfig */;
			buildSettings = {
				ASSETCATALOG_COMPILER_APPICON_NAME = AppIcon;
				ASSETCATALOG_COMPILER_GLOBAL_ACCENT_COLOR_NAME = AccentColor;
				CODE_SIGN_STYLE = Automatic;
				CURRENT_PROJECT_VERSION = 1;
				GENERATE_INFOPLIST_FILE = YES;
				INFOPLIST_FILE = "Networking/Supporting Files/Info.plist";
				INFOPLIST_KEY_UIApplicationSupportsIndirectInputEvents = YES;
				INFOPLIST_KEY_UILaunchStoryboardName = LaunchScreen;
				INFOPLIST_KEY_UISupportedInterfaceOrientations_iPad = "UIInterfaceOrientationPortrait UIInterfaceOrientationPortraitUpsideDown UIInterfaceOrientationLandscapeLeft UIInterfaceOrientationLandscapeRight";
				INFOPLIST_KEY_UISupportedInterfaceOrientations_iPhone = "UIInterfaceOrientationPortrait UIInterfaceOrientationLandscapeLeft UIInterfaceOrientationLandscapeRight";
				LD_RUNPATH_SEARCH_PATHS = (
					"$(inherited)",
					"@executable_path/Frameworks",
				);
				MARKETING_VERSION = 1.0;
				PRODUCT_BUNDLE_IDENTIFIER = com.IinfernalI.Networking;
				PRODUCT_NAME = "$(TARGET_NAME)";
				SWIFT_EMIT_LOC_STRINGS = YES;
				SWIFT_VERSION = 5.0;
				TARGETED_DEVICE_FAMILY = "1,2";
			};
			name = Debug;
		};
		753E5E1E2992858C00FA5E7C /* Release */ = {
			isa = XCBuildConfiguration;
			baseConfigurationReference = 5A8D73DAA910C8F31E3D8267 /* Pods-Networking.release.xcconfig */;
			buildSettings = {
				ASSETCATALOG_COMPILER_APPICON_NAME = AppIcon;
				ASSETCATALOG_COMPILER_GLOBAL_ACCENT_COLOR_NAME = AccentColor;
				CODE_SIGN_STYLE = Automatic;
				CURRENT_PROJECT_VERSION = 1;
				GENERATE_INFOPLIST_FILE = YES;
				INFOPLIST_FILE = "Networking/Supporting Files/Info.plist";
				INFOPLIST_KEY_UIApplicationSupportsIndirectInputEvents = YES;
				INFOPLIST_KEY_UILaunchStoryboardName = LaunchScreen;
				INFOPLIST_KEY_UISupportedInterfaceOrientations_iPad = "UIInterfaceOrientationPortrait UIInterfaceOrientationPortraitUpsideDown UIInterfaceOrientationLandscapeLeft UIInterfaceOrientationLandscapeRight";
				INFOPLIST_KEY_UISupportedInterfaceOrientations_iPhone = "UIInterfaceOrientationPortrait UIInterfaceOrientationLandscapeLeft UIInterfaceOrientationLandscapeRight";
				LD_RUNPATH_SEARCH_PATHS = (
					"$(inherited)",
					"@executable_path/Frameworks",
				);
				MARKETING_VERSION = 1.0;
				PRODUCT_BUNDLE_IDENTIFIER = com.IinfernalI.Networking;
				PRODUCT_NAME = "$(TARGET_NAME)";
				SWIFT_EMIT_LOC_STRINGS = YES;
				SWIFT_VERSION = 5.0;
				TARGETED_DEVICE_FAMILY = "1,2";
			};
			name = Release;
		};
/* End XCBuildConfiguration section */

/* Begin XCConfigurationList section */
		753E5E032992858B00FA5E7C /* Build configuration list for PBXProject "Networking" */ = {
			isa = XCConfigurationList;
			buildConfigurations = (
				753E5E1A2992858C00FA5E7C /* Debug */,
				753E5E1B2992858C00FA5E7C /* Release */,
			);
			defaultConfigurationIsVisible = 0;
			defaultConfigurationName = Release;
		};
		753E5E1C2992858C00FA5E7C /* Build configuration list for PBXNativeTarget "Networking" */ = {
			isa = XCConfigurationList;
			buildConfigurations = (
				753E5E1D2992858C00FA5E7C /* Debug */,
				753E5E1E2992858C00FA5E7C /* Release */,
			);
			defaultConfigurationIsVisible = 0;
			defaultConfigurationName = Release;
		};
/* End XCConfigurationList section */
	};
	rootObject = 753E5E002992858B00FA5E7C /* Project object */;
}
